{
  "nodes": {
    "nixpkgs": {
      "locked": {
        "lastModified": 1683408522,
        "narHash": "sha256-9kcPh6Uxo17a3kK3XCHhcWiV1Yu1kYj22RHiymUhMkU=",
        "owner": "NixOS",
        "repo": "nixpkgs",
        "rev": "897876e4c484f1e8f92009fd11b7d988a121a4e7",
        "type": "github"
      },
      "original": {
        "owner": "NixOS",
        "ref": "nixos-unstable",
        "repo": "nixpkgs",
        "type": "github"
      }
    },
    "nixpkgs-friendly-overlay": {
      "inputs": {
        "nixpkgs": "nixpkgs_2"
      },
      "locked": {
        "lastModified": 1683551145,
        "narHash": "sha256-rRId9D65yKsZLGPjeKE+5pqGXnaC8D94qCcp4gRji+Q=",
        "owner": "nixpkgs-friendly",
        "repo": "nixpkgs-friendly-overlay",
        "rev": "9a36dad0514bd0087a4aaa685c486fdbb2e11d00",
        "type": "github"
      },
      "original": {
        "owner": "nixpkgs-friendly",
        "repo": "nixpkgs-friendly-overlay",
        "type": "github"
      }
    },
    "nixpkgs_2": {
      "locked": {
        "lastModified": 1683408522,
        "narHash": "sha256-9kcPh6Uxo17a3kK3XCHhcWiV1Yu1kYj22RHiymUhMkU=",
        "owner": "NixOS",
        "repo": "nixpkgs",
        "rev": "897876e4c484f1e8f92009fd11b7d988a121a4e7",
        "type": "github"
      },
      "original": {
        "owner": "NixOS",
        "ref": "nixos-unstable",
        "repo": "nixpkgs",
        "type": "github"
      }
    },
    "root": {
      "inputs": {
        "nixpkgs": "nixpkgs",
        "nixpkgs-friendly-overlay": "nixpkgs-friendly-overlay"
      }
    }
  },
  "root": "root",
  "version": 7
}
